// !$*UTF8*$!
{
	archiveVersion = 1;
	classes = {
	};
	objectVersion = 50;
	objects = {

/* Begin PBXBuildFile section */
		FB0A401D25DEA211000FE20E /* AppDelegate.swift in Sources */ = {isa = PBXBuildFile; fileRef = FB0A401C25DEA211000FE20E /* AppDelegate.swift */; };
		FB0A401F25DEA211000FE20E /* SceneDelegate.swift in Sources */ = {isa = PBXBuildFile; fileRef = FB0A401E25DEA211000FE20E /* SceneDelegate.swift */; };
		FB0A402425DEA211000FE20E /* Main.storyboard in Resources */ = {isa = PBXBuildFile; fileRef = FB0A402225DEA211000FE20E /* Main.storyboard */; };
		FB0A402625DEA212000FE20E /* Assets.xcassets in Resources */ = {isa = PBXBuildFile; fileRef = FB0A402525DEA212000FE20E /* Assets.xcassets */; };
		FB0A402925DEA212000FE20E /* LaunchScreen.storyboard in Resources */ = {isa = PBXBuildFile; fileRef = FB0A402725DEA212000FE20E /* LaunchScreen.storyboard */; };
		FB0A403225DEA264000FE20E /* FirstViewController.swift in Sources */ = {isa = PBXBuildFile; fileRef = FB0A403125DEA264000FE20E /* FirstViewController.swift */; };
		FB0A403525DEA276000FE20E /* SecondViewController.swift in Sources */ = {isa = PBXBuildFile; fileRef = FB0A403425DEA276000FE20E /* SecondViewController.swift */; };
		FB0A403A25DEA387000FE20E /* FirstChildViewController.swift in Sources */ = {isa = PBXBuildFile; fileRef = FB0A403925DEA387000FE20E /* FirstChildViewController.swift */; };
		FB0A403E25DEA39B000FE20E /* SecondChildViewController.swift in Sources */ = {isa = PBXBuildFile; fileRef = FB0A403D25DEA39B000FE20E /* SecondChildViewController.swift */; };
/* End PBXBuildFile section */

/* Begin PBXFileReference section */
		FB0A401925DEA211000FE20E /* DemoChangeChildOnTabbar.app */ = {isa = PBXFileReference; explicitFileType = wrapper.application; includeInIndex = 0; path = DemoChangeChildOnTabbar.app; sourceTree = BUILT_PRODUCTS_DIR; };
		FB0A401C25DEA211000FE20E /* AppDelegate.swift */ = {isa = PBXFileReference; lastKnownFileType = sourcecode.swift; path = AppDelegate.swift; sourceTree = "<group>"; };
		FB0A401E25DEA211000FE20E /* SceneDelegate.swift */ = {isa = PBXFileReference; lastKnownFileType = sourcecode.swift; path = SceneDelegate.swift; sourceTree = "<group>"; };
		FB0A402325DEA211000FE20E /* Base */ = {isa = PBXFileReference; lastKnownFileType = file.storyboard; name = Base; path = Base.lproj/Main.storyboard; sourceTree = "<group>"; };
		FB0A402525DEA212000FE20E /* Assets.xcassets */ = {isa = PBXFileReference; lastKnownFileType = folder.assetcatalog; path = Assets.xcassets; sourceTree = "<group>"; };
		FB0A402825DEA212000FE20E /* Base */ = {isa = PBXFileReference; lastKnownFileType = file.storyboard; name = Base; path = Base.lproj/LaunchScreen.storyboard; sourceTree = "<group>"; };
		FB0A402A25DEA212000FE20E /* Info.plist */ = {isa = PBXFileReference; lastKnownFileType = text.plist.xml; path = Info.plist; sourceTree = "<group>"; };
		FB0A403125DEA264000FE20E /* FirstViewController.swift */ = {isa = PBXFileReference; lastKnownFileType = sourcecode.swift; path = FirstViewController.swift; sourceTree = "<group>"; };
		FB0A403425DEA276000FE20E /* SecondViewController.swift */ = {isa = PBXFileReference; lastKnownFileType = sourcecode.swift; path = SecondViewController.swift; sourceTree = "<group>"; };
		FB0A403925DEA387000FE20E /* FirstChildViewController.swift */ = {isa = PBXFileReference; lastKnownFileType = sourcecode.swift; path = FirstChildViewController.swift; sourceTree = "<group>"; };
		FB0A403D25DEA39B000FE20E /* SecondChildViewController.swift */ = {isa = PBXFileReference; lastKnownFileType = sourcecode.swift; path = SecondChildViewController.swift; sourceTree = "<group>"; };
/* End PBXFileReference section */

/* Begin PBXFrameworksBuildPhase section */
		FB0A401625DEA211000FE20E /* Frameworks */ = {
			isa = PBXFrameworksBuildPhase;
			buildActionMask = 2147483647;
			files = (
			);
			runOnlyForDeploymentPostprocessing = 0;
		};
/* End PBXFrameworksBuildPhase section */

/* Begin PBXGroup section */
		FB0A401025DEA211000FE20E = {
			isa = PBXGroup;
			children = (
				FB0A401B25DEA211000FE20E /* DemoChangeChildOnTabbar */,
				FB0A401A25DEA211000FE20E /* Products */,
			);
			sourceTree = "<group>";
		};
		FB0A401A25DEA211000FE20E /* Products */ = {
			isa = PBXGroup;
			children = (
				FB0A401925DEA211000FE20E /* DemoChangeChildOnTabbar.app */,
			);
			name = Products;
			sourceTree = "<group>";
		};
		FB0A401B25DEA211000FE20E /* DemoChangeChildOnTabbar */ = {
			isa = PBXGroup;
			children = (
				FB0A401C25DEA211000FE20E /* AppDelegate.swift */,
				FB0A401E25DEA211000FE20E /* SceneDelegate.swift */,
				FB0A403925DEA387000FE20E /* FirstChildViewController.swift */,
				FB0A403D25DEA39B000FE20E /* SecondChildViewController.swift */,
				FB0A403125DEA264000FE20E /* FirstViewController.swift */,
				FB0A403425DEA276000FE20E /* SecondViewController.swift */,
				FB0A402225DEA211000FE20E /* Main.storyboard */,
				FB0A402525DEA212000FE20E /* Assets.xcassets */,
				FB0A402725DEA212000FE20E /* LaunchScreen.storyboard */,
				FB0A402A25DEA212000FE20E /* Info.plist */,
			);
			path = DemoChangeChildOnTabbar;
			sourceTree = "<group>";
		};
/* End PBXGroup section */

/* Begin PBXNativeTarget section */
		FB0A401825DEA211000FE20E /* DemoChangeChildOnTabbar */ = {
			isa = PBXNativeTarget;
			buildConfigurationList = FB0A402D25DEA212000FE20E /* Build configuration list for PBXNativeTarget "DemoChangeChildOnTabbar" */;
			buildPhases = (
				FB0A401525DEA211000FE20E /* Sources */,
				FB0A401625DEA211000FE20E /* Frameworks */,
				FB0A401725DEA211000FE20E /* Resources */,
			);
			buildRules = (
			);
			dependencies = (
			);
			name = DemoChangeChildOnTabbar;
			productName = DemoChangeChildOnTabbar;
			productReference = FB0A401925DEA211000FE20E /* DemoChangeChildOnTabbar.app */;
			productType = "com.apple.product-type.application";
		};
/* End PBXNativeTarget section */

/* Begin PBXProject section */
		FB0A401125DEA211000FE20E /* Project object */ = {
			isa = PBXProject;
			attributes = {
				LastSwiftUpdateCheck = 1240;
				LastUpgradeCheck = 1240;
				TargetAttributes = {
					FB0A401825DEA211000FE20E = {
						CreatedOnToolsVersion = 12.4;
					};
				};
			};
			buildConfigurationList = FB0A401425DEA211000FE20E /* Build configuration list for PBXProject "DemoChangeChildOnTabbar" */;
			compatibilityVersion = "Xcode 9.3";
			developmentRegion = en;
			hasScannedForEncodings = 0;
			knownRegions = (
				en,
				Base,
			);
			mainGroup = FB0A401025DEA211000FE20E;
			productRefGroup = FB0A401A25DEA211000FE20E /* Products */;
			projectDirPath = "";
			projectRoot = "";
			targets = (
				FB0A401825DEA211000FE20E /* DemoChangeChildOnTabbar */,
			);
		};
/* End PBXProject section */

/* Begin PBXResourcesBuildPhase section */
		FB0A401725DEA211000FE20E /* Resources */ = {
			isa = PBXResourcesBuildPhase;
			buildActionMask = 2147483647;
			files = (
				FB0A402925DEA212000FE20E /* LaunchScreen.storyboard in Resources */,
				FB0A402625DEA212000FE20E /* Assets.xcassets in Resources */,
				FB0A402425DEA211000FE20E /* Main.storyboard in Resources */,
			);
			runOnlyForDeploymentPostprocessing = 0;
		};
/* End PBXResourcesBuildPhase section */

/* Begin PBXSourcesBuildPhase section */
		FB0A401525DEA211000FE20E /* Sources */ = {
			isa = PBXSourcesBuildPhase;
			buildActionMask = 2147483647;
			files = (
				FB0A401D25DEA211000FE20E /* AppDelegate.swift in Sources */,
				FB0A401F25DEA211000FE20E /* SceneDelegate.swift in Sources */,
				FB0A403525DEA276000FE20E /* SecondViewController.swift in Sources */,
				FB0A403E25DEA39B000FE20E /* SecondChildViewController.swift in Sources */,
				FB0A403A25DEA387000FE20E /* FirstChildViewController.swift in Sources */,
				FB0A403225DEA264000FE20E /* FirstViewController.swift in Sources */,
			);
			runOnlyForDeploymentPostprocessing = 0;
		};
/* End PBXSourcesBuildPhase section */

/* Begin PBXVariantGroup section */
		FB0A402225DEA211000FE20E /* Main.storyboard */ = {
			isa = PBXVariantGroup;
			children = (
				FB0A402325DEA211000FE20E /* Base */,
			);
			name = Main.storyboard;
			sourceTree = "<group>";
		};
		FB0A402725DEA212000FE20E /* LaunchScreen.storyboard */ = {
			isa = PBXVariantGroup;
			children = (
				FB0A402825DEA212000FE20E /* Base */,
			);
			name = LaunchScreen.storyboard;
			sourceTree = "<group>";
		};
/* End PBXVariantGroup section */

/* Begin XCBuildConfiguration section */
		FB0A402B25DEA212000FE20E /* Debug */ = {
			isa = XCBuildConfiguration;
			buildSettings = {
				ALWAYS_SEARCH_USER_PATHS = NO;
				CLANG_ANALYZER_NONNULL = YES;
				CLANG_ANALYZER_NUMBER_OBJECT_CONVERSION = YES_AGGRESSIVE;
				CLANG_CXX_LANGUAGE_STANDARD = "gnu++14";
				CLANG_CXX_LIBRARY = "libc++";
				CLANG_ENABLE_MODULES = YES;
				CLANG_ENABLE_OBJC_ARC = YES;
				CLANG_ENABLE_OBJC_WEAK = YES;
				CLANG_WARN_BLOCK_CAPTURE_AUTORELEASING = YES;
				CLANG_WARN_BOOL_CONVERSION = YES;
				CLANG_WARN_COMMA = YES;
				CLANG_WARN_CONSTANT_CONVERSION = YES;
				CLANG_WARN_DEPRECATED_OBJC_IMPLEMENTATIONS = YES;
				CLANG_WARN_DIRECT_OBJC_ISA_USAGE = YES_ERROR;
				CLANG_WARN_DOCUMENTATION_COMMENTS = YES;
				CLANG_WARN_EMPTY_BODY = YES;
				CLANG_WARN_ENUM_CONVERSION = YES;
				CLANG_WARN_INFINITE_RECURSION = YES;
				CLANG_WARN_INT_CONVERSION = YES;
				CLANG_WARN_NON_LITERAL_NULL_CONVERSION = YES;
				CLANG_WARN_OBJC_IMPLICIT_RETAIN_SELF = YES;
				CLANG_WARN_OBJC_LITERAL_CONVERSION = YES;
				CLANG_WARN_OBJC_ROOT_CLASS = YES_ERROR;
				CLANG_WARN_QUOTED_INCLUDE_IN_FRAMEWORK_HEADER = YES;
				CLANG_WARN_RANGE_LOOP_ANALYSIS = YES;
				CLANG_WARN_STRICT_PROTOTYPES = YES;
				CLANG_WARN_SUSPICIOUS_MOVE = YES;
				CLANG_WARN_UNGUARDED_AVAILABILITY = YES_AGGRESSIVE;
				CLANG_WARN_UNREACHABLE_CODE = YES;
				CLANG_WARN__DUPLICATE_METHOD_MATCH = YES;
				COPY_PHASE_STRIP = NO;
				DEBUG_INFORMATION_FORMAT = dwarf;
				ENABLE_STRICT_OBJC_MSGSEND = YES;
				ENABLE_TESTABILITY = YES;
				GCC_C_LANGUAGE_STANDARD = gnu11;
				GCC_DYNAMIC_NO_PIC = NO;
				GCC_NO_COMMON_BLOCKS = YES;
				GCC_OPTIMIZATION_LEVEL = 0;
				GCC_PREPROCESSOR_DEFINITIONS = (
					"DEBUG=1",
					"$(inherited)",
				);
				GCC_WARN_64_TO_32_BIT_CONVERSION = YES;
				GCC_WARN_ABOUT_RETURN_TYPE = YES_ERROR;
				GCC_WARN_UNDECLARED_SELECTOR = YES;
				GCC_WARN_UNINITIALIZED_AUTOS = YES_AGGRESSIVE;
				GCC_WARN_UNUSED_FUNCTION = YES;
				GCC_WARN_UNUSED_VARIABLE = YES;
				IPHONEOS_DEPLOYMENT_TARGET = 14.4;
				MTL_ENABLE_DEBUG_INFO = INCLUDE_SOURCE;
				MTL_FAST_MATH = YES;
				ONLY_ACTIVE_ARCH = YES;
				SDKROOT = iphoneos;
				SWIFT_ACTIVE_COMPILATION_CONDITIONS = DEBUG;
				SWIFT_OPTIMIZATION_LEVEL = "-Onone";
			};
			name = Debug;
		};
		FB0A402C25DEA212000FE20E /* Release */ = {
			isa = XCBuildConfiguration;
			buildSettings = {
				ALWAYS_SEARCH_USER_PATHS = NO;
				CLANG_ANALYZER_NONNULL = YES;
				CLANG_ANALYZER_NUMBER_OBJECT_CONVERSION = YES_AGGRESSIVE;
				CLANG_CXX_LANGUAGE_STANDARD = "gnu++14";
				CLANG_CXX_LIBRARY = "libc++";
				CLANG_ENABLE_MODULES = YES;
				CLANG_ENABLE_OBJC_ARC = YES;
				CLANG_ENABLE_OBJC_WEAK = YES;
				CLANG_WARN_BLOCK_CAPTURE_AUTORELEASING = YES;
				CLANG_WARN_BOOL_CONVERSION = YES;
				CLANG_WARN_COMMA = YES;
				CLANG_WARN_CONSTANT_CONVERSION = YES;
				CLANG_WARN_DEPRECATED_OBJC_IMPLEMENTATIONS = YES;
				CLANG_WARN_DIRECT_OBJC_ISA_USAGE = YES_ERROR;
				CLANG_WARN_DOCUMENTATION_COMMENTS = YES;
				CLANG_WARN_EMPTY_BODY = YES;
				CLANG_WARN_ENUM_CONVERSION = YES;
				CLANG_WARN_INFINITE_RECURSION = YES;
				CLANG_WARN_INT_CONVERSION = YES;
				CLANG_WARN_NON_LITERAL_NULL_CONVERSION = YES;
				CLANG_WARN_OBJC_IMPLICIT_RETAIN_SELF = YES;
				CLANG_WARN_OBJC_LITERAL_CONVERSION = YES;
				CLANG_WARN_OBJC_ROOT_CLASS = YES_ERROR;
				CLANG_WARN_QUOTED_INCLUDE_IN_FRAMEWORK_HEADER = YES;
				CLANG_WARN_RANGE_LOOP_ANALYSIS = YES;
				CLANG_WARN_STRICT_PROTOTYPES = YES;
				CLANG_WARN_SUSPICIOUS_MOVE = YES;
				CLANG_WARN_UNGUARDED_AVAILABILITY = YES_AGGRESSIVE;
				CLANG_WARN_UNREACHABLE_CODE = YES;
				CLANG_WARN__DUPLICATE_METHOD_MATCH = YES;
				COPY_PHASE_STRIP = NO;
				DEBUG_INFORMATION_FORMAT = "dwarf-with-dsym";
				ENABLE_NS_ASSERTIONS = NO;
				ENABLE_STRICT_OBJC_MSGSEND = YES;
				GCC_C_LANGUAGE_STANDARD = gnu11;
				GCC_NO_COMMON_BLOCKS = YES;
				GCC_WARN_64_TO_32_BIT_CONVERSION = YES;
				GCC_WARN_ABOUT_RETURN_TYPE = YES_ERROR;
				GCC_WARN_UNDECLARED_SELECTOR = YES;
				GCC_WARN_UNINITIALIZED_AUTOS = YES_AGGRESSIVE;
				GCC_WARN_UNUSED_FUNCTION = YES;
				GCC_WARN_UNUSED_VARIABLE = YES;
				IPHONEOS_DEPLOYMENT_TARGET = 14.4;
				MTL_ENABLE_DEBUG_INFO = NO;
				MTL_FAST_MATH = YES;
				SDKROOT = iphoneos;
				SWIFT_COMPILATION_MODE = wholemodule;
				SWIFT_OPTIMIZATION_LEVEL = "-O";
				VALIDATE_PRODUCT = YES;
			};
			name = Release;
		};
		FB0A402E25DEA212000FE20E /* Debug */ = {
			isa = XCBuildConfiguration;
			buildSettings = {
				ASSETCATALOG_COMPILER_APPICON_NAME = AppIcon;
				ASSETCATALOG_COMPILER_GLOBAL_ACCENT_COLOR_NAME = AccentColor;
				CODE_SIGN_STYLE = Automatic;
				INFOPLIST_FILE = DemoChangeChildOnTabbar/Info.plist;
				LD_RUNPATH_SEARCH_PATHS = (
					"$(inherited)",
					"@executable_path/Frameworks",
				);
				PRODUCT_BUNDLE_IDENTIFIER = com.vienvu.DemoChangeChildOnTabbar;
				PRODUCT_NAME = "$(TARGET_NAME)";
				SWIFT_VERSION = 5.0;
				TARGETED_DEVICE_FAMILY = "1,2";
			};
			name = Debug;
		};
		FB0A402F25DEA212000FE20E /* Release */ = {
			isa = XCBuildConfiguration;
			buildSettings = {
				ASSETCATALOG_COMPILER_APPICON_NAME = AppIcon;
				ASSETCATALOG_COMPILER_GLOBAL_ACCENT_COLOR_NAME = AccentColor;
				CODE_SIGN_STYLE = Automatic;
				INFOPLIST_FILE = DemoChangeChildOnTabbar/Info.plist;
				LD_RUNPATH_SEARCH_PATHS = (
					"$(inherited)",
					"@executable_path/Frameworks",
				);
				PRODUCT_BUNDLE_IDENTIFIER = com.vienvu.DemoChangeChildOnTabbar;
				PRODUCT_NAME = "$(TARGET_NAME)";
				SWIFT_VERSION = 5.0;
				TARGETED_DEVICE_FAMILY = "1,2";
			};
			name = Release;
		};
/* End XCBuildConfiguration section */

/* Begin XCConfigurationList section */
		FB0A401425DEA211000FE20E /* Build configuration list for PBXProject "DemoChangeChildOnTabbar" */ = {
			isa = XCConfigurationList;
			buildConfigurations = (
				FB0A402B25DEA212000FE20E /* Debug */,
				FB0A402C25DEA212000FE20E /* Release */,
			);
			defaultConfigurationIsVisible = 0;
			defaultConfigurationName = Release;
		};
		FB0A402D25DEA212000FE20E /* Build configuration list for PBXNativeTarget "DemoChangeChildOnTabbar" */ = {
			isa = XCConfigurationList;
			buildConfigurations = (
				FB0A402E25DEA212000FE20E /* Debug */,
				FB0A402F25DEA212000FE20E /* Release */,
			);
			defaultConfigurationIsVisible = 0;
			defaultConfigurationName = Release;
		};
/* End XCConfigurationList section */
	};
	rootObject = FB0A401125DEA211000FE20E /* Project object */;
}
